// !$*UTF8*$!
{
	archiveVersion = 1;
	classes = {
	};
	objectVersion = 77;
	objects = {

/* Begin PBXContainerItemProxy section */
		B56BAA2E2DC1169C0074EEFD /* PBXContainerItemProxy */ = {
			isa = PBXContainerItemProxy;
			containerPortal = B56BAA152DC1169B0074EEFD /* Project object */;
			proxyType = 1;
			remoteGlobalIDString = B56BAA1C2DC1169B0074EEFD;
			remoteInfo = GPSViewer;
		};
		B56BAA382DC1169C0074EEFD /* PBXContainerItemProxy */ = {
			isa = PBXContainerItemProxy;
			containerPortal = B56BAA152DC1169B0074EEFD /* Project object */;
			proxyType = 1;
			remoteGlobalIDString = B56BAA1C2DC1169B0074EEFD;
			remoteInfo = GPSViewer;
		};
/* End PBXContainerItemProxy section */

/* Begin PBXFileReference section */
		B56BAA1D2DC1169B0074EEFD /* GPSViewer.app */ = {isa = PBXFileReference; explicitFileType = wrapper.application; includeInIndex = 0; path = GPSViewer.app; sourceTree = BUILT_PRODUCTS_DIR; };
		B56BAA2D2DC1169C0074EEFD /* GPSViewerTests.xctest */ = {isa = PBXFileReference; explicitFileType = wrapper.cfbundle; includeInIndex = 0; path = GPSViewerTests.xctest; sourceTree = BUILT_PRODUCTS_DIR; };
		B56BAA372DC1169C0074EEFD /* GPSViewerUITests.xctest */ = {isa = PBXFileReference; explicitFileType = wrapper.cfbundle; includeInIndex = 0; path = GPSViewerUITests.xctest; sourceTree = BUILT_PRODUCTS_DIR; };
/* End PBXFileReference section */

/* Begin PBXFileSystemSynchronizedBuildFileExceptionSet section */
		B56BAA5B2DC12D920074EEFD /* Exceptions for "GPSViewer" folder in "GPSViewer" target */ = {
			isa = PBXFileSystemSynchronizedBuildFileExceptionSet;
			membershipExceptions = (
				Info.plist,
			);
			target = B56BAA1C2DC1169B0074EEFD /* GPSViewer */;
		};
/* End PBXFileSystemSynchronizedBuildFileExceptionSet section */

/* Begin PBXFileSystemSynchronizedRootGroup section */
		B56BAA1F2DC1169B0074EEFD /* GPSViewer */ = {
			isa = PBXFileSystemSynchronizedRootGroup;
			exceptions = (
				B56BAA5B2DC12D920074EEFD /* Exceptions for "GPSViewer" folder in "GPSViewer" target */,
			);
			path = GPSViewer;
			sourceTree = "<group>";
		};
		B56BAA302DC1169C0074EEFD /* GPSViewerTests */ = {
			isa = PBXFileSystemSynchronizedRootGroup;
			path = GPSViewerTests;
			sourceTree = "<group>";
		};
		B56BAA3A2DC1169C0074EEFD /* GPSViewerUITests */ = {
			isa = PBXFileSystemSynchronizedRootGroup;
			path = GPSViewerUITests;
			sourceTree = "<group>";
		};
/* End PBXFileSystemSynchronizedRootGroup section */

/* Begin PBXFrameworksBuildPhase section */
		B56BAA1A2DC1169B0074EEFD /* Frameworks */ = {
			isa = PBXFrameworksBuildPhase;
			buildActionMask = 2147483647;
			files = (
			);
			runOnlyForDeploymentPostprocessing = 0;
		};
		B56BAA2A2DC1169C0074EEFD /* Frameworks */ = {
			isa = PBXFrameworksBuildPhase;
			buildActionMask = 2147483647;
			files = (
			);
			runOnlyForDeploymentPostprocessing = 0;
		};
		B56BAA342DC1169C0074EEFD /* Frameworks */ = {
			isa = PBXFrameworksBuildPhase;
			buildActionMask = 2147483647;
			files = (
			);
			runOnlyForDeploymentPostprocessing = 0;
		};
/* End PBXFrameworksBuildPhase section */

/* Begin PBXGroup section */
		B56BAA142DC1169B0074EEFD = {
			isa = PBXGroup;
			children = (
				B56BAA1F2DC1169B0074EEFD /* GPSViewer */,
				B56BAA302DC1169C0074EEFD /* GPSViewerTests */,
				B56BAA3A2DC1169C0074EEFD /* GPSViewerUITests */,
				B56BAA1E2DC1169B0074EEFD /* Products */,
			);
			sourceTree = "<group>";
		};
		B56BAA1E2DC1169B0074EEFD /* Products */ = {
			isa = PBXGroup;
			children = (
				B56BAA1D2DC1169B0074EEFD /* GPSViewer.app */,
				B56BAA2D2DC1169C0074EEFD /* GPSViewerTests.xctest */,
				B56BAA372DC1169C0074EEFD /* GPSViewerUITests.xctest */,
			);
			name = Products;
			sourceTree = "<group>";
		};
/* End PBXGroup section */

/* Begin PBXNativeTarget section */
		B56BAA1C2DC1169B0074EEFD /* GPSViewer */ = {
			isa = PBXNativeTarget;
			buildConfigurationList = B56BAA412DC1169C0074EEFD /* Build configuration list for PBXNativeTarget "GPSViewer" */;
			buildPhases = (
				B56BAA192DC1169B0074EEFD /* Sources */,
				B56BAA1A2DC1169B0074EEFD /* Frameworks */,
				B56BAA1B2DC1169B0074EEFD /* Resources */,
			);
			buildRules = (
			);
			dependencies = (
			);
			fileSystemSynchronizedGroups = (
				B56BAA1F2DC1169B0074EEFD /* GPSViewer */,
			);
			name = GPSViewer;
			packageProductDependencies = (
			);
			productName = GPSViewer;
			productReference = B56BAA1D2DC1169B0074EEFD /* GPSViewer.app */;
			productType = "com.apple.product-type.application";
		};
		B56BAA2C2DC1169C0074EEFD /* GPSViewerTests */ = {
			isa = PBXNativeTarget;
			buildConfigurationList = B56BAA442DC1169C0074EEFD /* Build configuration list for PBXNativeTarget "GPSViewerTests" */;
			buildPhases = (
				B56BAA292DC1169C0074EEFD /* Sources */,
				B56BAA2A2DC1169C0074EEFD /* Frameworks */,
				B56BAA2B2DC1169C0074EEFD /* Resources */,
			);
			buildRules = (
			);
			dependencies = (
				B56BAA2F2DC1169C0074EEFD /* PBXTargetDependency */,
			);
			fileSystemSynchronizedGroups = (
				B56BAA302DC1169C0074EEFD /* GPSViewerTests */,
			);
			name = GPSViewerTests;
			packageProductDependencies = (
			);
			productName = GPSViewerTests;
			productReference = B56BAA2D2DC1169C0074EEFD /* GPSViewerTests.xctest */;
			productType = "com.apple.product-type.bundle.unit-test";
		};
		B56BAA362DC1169C0074EEFD /* GPSViewerUITests */ = {
			isa = PBXNativeTarget;
			buildConfigurationList = B56BAA472DC1169C0074EEFD /* Build configuration list for PBXNativeTarget "GPSViewerUITests" */;
			buildPhases = (
				B56BAA332DC1169C0074EEFD /* Sources */,
				B56BAA342DC1169C0074EEFD /* Frameworks */,
				B56BAA352DC1169C0074EEFD /* Resources */,
			);
			buildRules = (
			);
			dependencies = (
				B56BAA392DC1169C0074EEFD /* PBXTargetDependency */,
			);
			fileSystemSynchronizedGroups = (
				B56BAA3A2DC1169C0074EEFD /* GPSViewerUITests */,
			);
			name = GPSViewerUITests;
			packageProductDependencies = (
			);
			productName = GPSViewerUITests;
			productReference = B56BAA372DC1169C0074EEFD /* GPSViewerUITests.xctest */;
			productType = "com.apple.product-type.bundle.ui-testing";
		};
/* End PBXNativeTarget section */

/* Begin PBXProject section */
		B56BAA152DC1169B0074EEFD /* Project object */ = {
			isa = PBXProject;
			attributes = {
				BuildIndependentTargetsInParallel = 1;
				LastSwiftUpdateCheck = 1620;
				LastUpgradeCheck = 1620;
				ORGANIZATIONNAME = NunjoBiznezz;
				TargetAttributes = {
					B56BAA1C2DC1169B0074EEFD = {
						CreatedOnToolsVersion = 16.2;
					};
					B56BAA2C2DC1169C0074EEFD = {
						CreatedOnToolsVersion = 16.2;
						TestTargetID = B56BAA1C2DC1169B0074EEFD;
					};
					B56BAA362DC1169C0074EEFD = {
						CreatedOnToolsVersion = 16.2;
						TestTargetID = B56BAA1C2DC1169B0074EEFD;
					};
				};
			};
			buildConfigurationList = B56BAA182DC1169B0074EEFD /* Build configuration list for PBXProject "GPSViewer" */;
			developmentRegion = en;
			hasScannedForEncodings = 0;
			knownRegions = (
				en,
				Base,
			);
			mainGroup = B56BAA142DC1169B0074EEFD;
			minimizedProjectReferenceProxies = 1;
			preferredProjectObjectVersion = 77;
			productRefGroup = B56BAA1E2DC1169B0074EEFD /* Products */;
			projectDirPath = "";
			projectRoot = "";
			targets = (
				B56BAA1C2DC1169B0074EEFD /* GPSViewer */,
				B56BAA2C2DC1169C0074EEFD /* GPSViewerTests */,
				B56BAA362DC1169C0074EEFD /* GPSViewerUITests */,
			);
		};
/* End PBXProject section */

/* Begin PBXResourcesBuildPhase section */
		B56BAA1B2DC1169B0074EEFD /* Resources */ = {
			isa = PBXResourcesBuildPhase;
			buildActionMask = 2147483647;
			files = (
			);
			runOnlyForDeploymentPostprocessing = 0;
		};
		B56BAA2B2DC1169C0074EEFD /* Resources */ = {
			isa = PBXResourcesBuildPhase;
			buildActionMask = 2147483647;
			files = (
			);
			runOnlyForDeploymentPostprocessing = 0;
		};
		B56BAA352DC1169C0074EEFD /* Resources */ = {
			isa = PBXResourcesBuildPhase;
			buildActionMask = 2147483647;
			files = (
			);
			runOnlyForDeploymentPostprocessing = 0;
		};
/* End PBXResourcesBuildPhase section */

/* Begin PBXSourcesBuildPhase section */
		B56BAA192DC1169B0074EEFD /* Sources */ = {
			isa = PBXSourcesBuildPhase;
			buildActionMask = 2147483647;
			files = (
			);
			runOnlyForDeploymentPostprocessing = 0;
		};
		B56BAA292DC1169C0074EEFD /* Sources */ = {
			isa = PBXSourcesBuildPhase;
			buildActionMask = 2147483647;
			files = (
			);
			runOnlyForDeploymentPostprocessing = 0;
		};
		B56BAA332DC1169C0074EEFD /* Sources */ = {
			isa = PBXSourcesBuildPhase;
			buildActionMask = 2147483647;
			files = (
			);
			runOnlyForDeploymentPostprocessing = 0;
		};
/* End PBXSourcesBuildPhase section */

/* Begin PBXTargetDependency section */
		B56BAA2F2DC1169C0074EEFD /* PBXTargetDependency */ = {
			isa = PBXTargetDependency;
			target = B56BAA1C2DC1169B0074EEFD /* GPSViewer */;
			targetProxy = B56BAA2E2DC1169C0074EEFD /* PBXContainerItemProxy */;
		};
		B56BAA392DC1169C0074EEFD /* PBXTargetDependency */ = {
			isa = PBXTargetDependency;
			target = B56BAA1C2DC1169B0074EEFD /* GPSViewer */;
			targetProxy = B56BAA382DC1169C0074EEFD /* PBXContainerItemProxy */;
		};
/* End PBXTargetDependency section */

/* Begin XCBuildConfiguration section */
		B56BAA3F2DC1169C0074EEFD /* Debug */ = {
			isa = XCBuildConfiguration;
			buildSettings = {
				ALWAYS_SEARCH_USER_PATHS = NO;
				ASSETCATALOG_COMPILER_GENERATE_SWIFT_ASSET_SYMBOL_EXTENSIONS = YES;
				CLANG_ANALYZER_NONNULL = YES;
				CLANG_ANALYZER_NUMBER_OBJECT_CONVERSION = YES_AGGRESSIVE;
				CLANG_CXX_LANGUAGE_STANDARD = "gnu++20";
				CLANG_ENABLE_MODULES = YES;
				CLANG_ENABLE_OBJC_ARC = YES;
				CLANG_ENABLE_OBJC_WEAK = YES;
				CLANG_WARN_BLOCK_CAPTURE_AUTORELEASING = YES;
				CLANG_WARN_BOOL_CONVERSION = YES;
				CLANG_WARN_COMMA = YES;
				CLANG_WARN_CONSTANT_CONVERSION = YES;
				CLANG_WARN_DEPRECATED_OBJC_IMPLEMENTATIONS = YES;
				CLANG_WARN_DIRECT_OBJC_ISA_USAGE = YES_ERROR;
				CLANG_WARN_DOCUMENTATION_COMMENTS = YES;
				CLANG_WARN_EMPTY_BODY = YES;
				CLANG_WARN_ENUM_CONVERSION = YES;
				CLANG_WARN_INFINITE_RECURSION = YES;
				CLANG_WARN_INT_CONVERSION = YES;
				CLANG_WARN_NON_LITERAL_NULL_CONVERSION = YES;
				CLANG_WARN_OBJC_IMPLICIT_RETAIN_SELF = YES;
				CLANG_WARN_OBJC_LITERAL_CONVERSION = YES;
				CLANG_WARN_OBJC_ROOT_CLASS = YES_ERROR;
				CLANG_WARN_QUOTED_INCLUDE_IN_FRAMEWORK_HEADER = YES;
				CLANG_WARN_RANGE_LOOP_ANALYSIS = YES;
				CLANG_WARN_STRICT_PROTOTYPES = YES;
				CLANG_WARN_SUSPICIOUS_MOVE = YES;
				CLANG_WARN_UNGUARDED_AVAILABILITY = YES_AGGRESSIVE;
				CLANG_WARN_UNREACHABLE_CODE = YES;
				CLANG_WARN__DUPLICATE_METHOD_MATCH = YES;
				"CODE_SIGN_ENTITLEMENTS[sdk=*]" = "";
				COPY_PHASE_STRIP = NO;
				DEBUG_INFORMATION_FORMAT = dwarf;
				ENABLE_STRICT_OBJC_MSGSEND = YES;
				ENABLE_TESTABILITY = YES;
				ENABLE_USER_SCRIPT_SANDBOXING = YES;
				GCC_C_LANGUAGE_STANDARD = gnu17;
				GCC_DYNAMIC_NO_PIC = NO;
				GCC_NO_COMMON_BLOCKS = YES;
				GCC_OPTIMIZATION_LEVEL = 0;
				GCC_PREPROCESSOR_DEFINITIONS = (
					"DEBUG=1",
					"$(inherited)",
				);
				GCC_WARN_64_TO_32_BIT_CONVERSION = YES;
				GCC_WARN_ABOUT_RETURN_TYPE = YES_ERROR;
				GCC_WARN_UNDECLARED_SELECTOR = YES;
				GCC_WARN_UNINITIALIZED_AUTOS = YES_AGGRESSIVE;
				GCC_WARN_UNUSED_FUNCTION = YES;
				GCC_WARN_UNUSED_VARIABLE = YES;
				IPHONEOS_DEPLOYMENT_TARGET = 18.2;
				LOCALIZATION_PREFERS_STRING_CATALOGS = YES;
				MTL_ENABLE_DEBUG_INFO = INCLUDE_SOURCE;
				MTL_FAST_MATH = YES;
				ONLY_ACTIVE_ARCH = YES;
				SDKROOT = iphoneos;
				SWIFT_ACTIVE_COMPILATION_CONDITIONS = "DEBUG $(inherited)";
				SWIFT_OPTIMIZATION_LEVEL = "-Onone";
			};
			name = Debug;
		};
		B56BAA402DC1169C0074EEFD /* Release */ = {
			isa = XCBuildConfiguration;
			buildSettings = {
				ALWAYS_SEARCH_USER_PATHS = NO;
				ASSETCATALOG_COMPILER_GENERATE_SWIFT_ASSET_SYMBOL_EXTENSIONS = YES;
				CLANG_ANALYZER_NONNULL = YES;
				CLANG_ANALYZER_NUMBER_OBJECT_CONVERSION = YES_AGGRESSIVE;
				CLANG_CXX_LANGUAGE_STANDARD = "gnu++20";
				CLANG_ENABLE_MODULES = YES;
				CLANG_ENABLE_OBJC_ARC = YES;
				CLANG_ENABLE_OBJC_WEAK = YES;
				CLANG_WARN_BLOCK_CAPTURE_AUTORELEASING = YES;
				CLANG_WARN_BOOL_CONVERSION = YES;
				CLANG_WARN_COMMA = YES;
				CLANG_WARN_CONSTANT_CONVERSION = YES;
				CLANG_WARN_DEPRECATED_OBJC_IMPLEMENTATIONS = YES;
				CLANG_WARN_DIRECT_OBJC_ISA_USAGE = YES_ERROR;
				CLANG_WARN_DOCUMENTATION_COMMENTS = YES;
				CLANG_WARN_EMPTY_BODY = YES;
				CLANG_WARN_ENUM_CONVERSION = YES;
				CLANG_WARN_INFINITE_RECURSION = YES;
				CLANG_WARN_INT_CONVERSION = YES;
				CLANG_WARN_NON_LITERAL_NULL_CONVERSION = YES;
				CLANG_WARN_OBJC_IMPLICIT_RETAIN_SELF = YES;
				CLANG_WARN_OBJC_LITERAL_CONVERSION = YES;
				CLANG_WARN_OBJC_ROOT_CLASS = YES_ERROR;
				CLANG_WARN_QUOTED_INCLUDE_IN_FRAMEWORK_HEADER = YES;
				CLANG_WARN_RANGE_LOOP_ANALYSIS = YES;
				CLANG_WARN_STRICT_PROTOTYPES = YES;
				CLANG_WARN_SUSPICIOUS_MOVE = YES;
				CLANG_WARN_UNGUARDED_AVAILABILITY = YES_AGGRESSIVE;
				CLANG_WARN_UNREACHABLE_CODE = YES;
				CLANG_WARN__DUPLICATE_METHOD_MATCH = YES;
				COPY_PHASE_STRIP = NO;
				DEBUG_INFORMATION_FORMAT = "dwarf-with-dsym";
				ENABLE_NS_ASSERTIONS = NO;
				ENABLE_STRICT_OBJC_MSGSEND = YES;
				ENABLE_USER_SCRIPT_SANDBOXING = YES;
				GCC_C_LANGUAGE_STANDARD = gnu17;
				GCC_NO_COMMON_BLOCKS = YES;
				GCC_WARN_64_TO_32_BIT_CONVERSION = YES;
				GCC_WARN_ABOUT_RETURN_TYPE = YES_ERROR;
				GCC_WARN_UNDECLARED_SELECTOR = YES;
				GCC_WARN_UNINITIALIZED_AUTOS = YES_AGGRESSIVE;
				GCC_WARN_UNUSED_FUNCTION = YES;
				GCC_WARN_UNUSED_VARIABLE = YES;
				IPHONEOS_DEPLOYMENT_TARGET = 18.2;
				LOCALIZATION_PREFERS_STRING_CATALOGS = YES;
				MTL_ENABLE_DEBUG_INFO = NO;
				MTL_FAST_MATH = YES;
				SDKROOT = iphoneos;
				SWIFT_COMPILATION_MODE = wholemodule;
				VALIDATE_PRODUCT = YES;
			};
			name = Release;
		};
		B56BAA422DC1169C0074EEFD /* Debug */ = {
			isa = XCBuildConfiguration;
			buildSettings = {
				ASSETCATALOG_COMPILER_APPICON_NAME = AppIcon;
				ASSETCATALOG_COMPILER_GLOBAL_ACCENT_COLOR_NAME = AccentColor;
				CODE_SIGN_STYLE = Automatic;
				CURRENT_PROJECT_VERSION = 1;
				DEVELOPMENT_ASSET_PATHS = "\"GPSViewer/Preview Content\"";
				DEVELOPMENT_TEAM = L24K6B7744;
				ENABLE_PREVIEWS = YES;
				GENERATE_INFOPLIST_FILE = YES;
				INFOPLIST_FILE = GPSViewer/Info.plist;
				INFOPLIST_KEY_NSLocationWhenInUseUsageDescription = "This app needs your location to get GPS coordinates when in use";
				INFOPLIST_KEY_UIApplicationSceneManifest_Generation = YES;
				INFOPLIST_KEY_UIApplicationSupportsIndirectInputEvents = YES;
				INFOPLIST_KEY_UILaunchScreen_Generation = YES;
				INFOPLIST_KEY_UISupportedInterfaceOrientations_iPad = "UIInterfaceOrientationPortrait UIInterfaceOrientationPortraitUpsideDown UIInterfaceOrientationLandscapeLeft UIInterfaceOrientationLandscapeRight";
				INFOPLIST_KEY_UISupportedInterfaceOrientations_iPhone = "UIInterfaceOrientationPortrait UIInterfaceOrientationLandscapeLeft UIInterfaceOrientationLandscapeRight";
				LD_RUNPATH_SEARCH_PATHS = (
					"$(inherited)",
					"@executable_path/Frameworks",
				);
				MARKETING_VERSION = 1.0;
				PRODUCT_BUNDLE_IDENTIFIER = NunjoBiznezz.GPSViewer;
				PRODUCT_NAME = "$(TARGET_NAME)";
				SWIFT_EMIT_LOC_STRINGS = YES;
				SWIFT_VERSION = 5.0;
				TARGETED_DEVICE_FAMILY = "1,2";
			};
			name = Debug;
		};
		B56BAA432DC1169C0074EEFD /* Release */ = {
			isa = XCBuildConfiguration;
			buildSettings = {
				ASSETCATALOG_COMPILER_APPICON_NAME = AppIcon;
				ASSETCATALOG_COMPILER_GLOBAL_ACCENT_COLOR_NAME = AccentColor;
				CODE_SIGN_STYLE = Automatic;
				CURRENT_PROJECT_VERSION = 1;
				DEVELOPMENT_ASSET_PATHS = "\"GPSViewer/Preview Content\"";
				DEVELOPMENT_TEAM = L24K6B7744;
				ENABLE_PREVIEWS = YES;
				GENERATE_INFOPLIST_FILE = YES;
				INFOPLIST_FILE = GPSViewer/Info.plist;
				INFOPLIST_KEY_NSLocationWhenInUseUsageDescription = "This app needs your location to get GPS coordinates when in use";
				INFOPLIST_KEY_UIApplicationSceneManifest_Generation = YES;
				INFOPLIST_KEY_UIApplicationSupportsIndirectInputEvents = YES;
				INFOPLIST_KEY_UILaunchScreen_Generation = YES;
				INFOPLIST_KEY_UISupportedInterfaceOrientations_iPad = "UIInterfaceOrientationPortrait UIInterfaceOrientationPortraitUpsideDown UIInterfaceOrientationLandscapeLeft UIInterfaceOrientationLandscapeRight";
				INFOPLIST_KEY_UISupportedInterfaceOrientations_iPhone = "UIInterfaceOrientationPortrait UIInterfaceOrientationLandscapeLeft UIInterfaceOrientationLandscapeRight";
				LD_RUNPATH_SEARCH_PATHS = (
					"$(inherited)",
					"@executable_path/Frameworks",
				);
				MARKETING_VERSION = 1.0;
				PRODUCT_BUNDLE_IDENTIFIER = NunjoBiznezz.GPSViewer;
				PRODUCT_NAME = "$(TARGET_NAME)";
				SWIFT_EMIT_LOC_STRINGS = YES;
				SWIFT_VERSION = 5.0;
				TARGETED_DEVICE_FAMILY = "1,2";
			};
			name = Release;
		};
		B56BAA452DC1169C0074EEFD /* Debug */ = {
			isa = XCBuildConfiguration;
			buildSettings = {
				BUNDLE_LOADER = "$(TEST_HOST)";
				CODE_SIGN_STYLE = Automatic;
				CURRENT_PROJECT_VERSION = 1;
				GENERATE_INFOPLIST_FILE = YES;
				IPHONEOS_DEPLOYMENT_TARGET = 18.2;
				MARKETING_VERSION = 1.0;
				PRODUCT_BUNDLE_IDENTIFIER = NunjoBiznezz.GPSViewerTests;
				PRODUCT_NAME = "$(TARGET_NAME)";
				SWIFT_EMIT_LOC_STRINGS = NO;
				SWIFT_VERSION = 5.0;
				TARGETED_DEVICE_FAMILY = "1,2";
				TEST_HOST = "$(BUILT_PRODUCTS_DIR)/GPSViewer.app/$(BUNDLE_EXECUTABLE_FOLDER_PATH)/GPSViewer";
			};
			name = Debug;
		};
		B56BAA462DC1169C0074EEFD /* Release */ = {
			isa = XCBuildConfiguration;
			buildSettings = {
				BUNDLE_LOADER = "$(TEST_HOST)";
				CODE_SIGN_STYLE = Automatic;
				CURRENT_PROJECT_VERSION = 1;
				GENERATE_INFOPLIST_FILE = YES;
				IPHONEOS_DEPLOYMENT_TARGET = 18.2;
				MARKETING_VERSION = 1.0;
				PRODUCT_BUNDLE_IDENTIFIER = NunjoBiznezz.GPSViewerTests;
				PRODUCT_NAME = "$(TARGET_NAME)";
				SWIFT_EMIT_LOC_STRINGS = NO;
				SWIFT_VERSION = 5.0;
				TARGETED_DEVICE_FAMILY = "1,2";
				TEST_HOST = "$(BUILT_PRODUCTS_DIR)/GPSViewer.app/$(BUNDLE_EXECUTABLE_FOLDER_PATH)/GPSViewer";
			};
			name = Release;
		};
		B56BAA482DC1169C0074EEFD /* Debug */ = {
			isa = XCBuildConfiguration;
			buildSettings = {
				CODE_SIGN_STYLE = Automatic;
				CURRENT_PROJECT_VERSION = 1;
				GENERATE_INFOPLIST_FILE = YES;
				MARKETING_VERSION = 1.0;
				PRODUCT_BUNDLE_IDENTIFIER = NunjoBiznezz.GPSViewerUITests;
				PRODUCT_NAME = "$(TARGET_NAME)";
				SWIFT_EMIT_LOC_STRINGS = NO;
				SWIFT_VERSION = 5.0;
				TARGETED_DEVICE_FAMILY = "1,2";
				TEST_TARGET_NAME = GPSViewer;
			};
			name = Debug;
		};
		B56BAA492DC1169C0074EEFD /* Release */ = {
			isa = XCBuildConfiguration;
			buildSettings = {
				CODE_SIGN_STYLE = Automatic;
				CURRENT_PROJECT_VERSION = 1;
				GENERATE_INFOPLIST_FILE = YES;
				MARKETING_VERSION = 1.0;
				PRODUCT_BUNDLE_IDENTIFIER = NunjoBiznezz.GPSViewerUITests;
				PRODUCT_NAME = "$(TARGET_NAME)";
				SWIFT_EMIT_LOC_STRINGS = NO;
				SWIFT_VERSION = 5.0;
				TARGETED_DEVICE_FAMILY = "1,2";
				TEST_TARGET_NAME = GPSViewer;
			};
			name = Release;
		};
/* End XCBuildConfiguration section */

/* Begin XCConfigurationList section */
		B56BAA182DC1169B0074EEFD /* Build configuration list for PBXProject "GPSViewer" */ = {
			isa = XCConfigurationList;
			buildConfigurations = (
				B56BAA3F2DC1169C0074EEFD /* Debug */,
				B56BAA402DC1169C0074EEFD /* Release */,
			);
			defaultConfigurationIsVisible = 0;
			defaultConfigurationName = Release;
		};
		B56BAA412DC1169C0074EEFD /* Build configuration list for PBXNativeTarget "GPSViewer" */ = {
			isa = XCConfigurationList;
			buildConfigurations = (
				B56BAA422DC1169C0074EEFD /* Debug */,
				B56BAA432DC1169C0074EEFD /* Release */,
			);
			defaultConfigurationIsVisible = 0;
			defaultConfigurationName = Release;
		};
		B56BAA442DC1169C0074EEFD /* Build configuration list for PBXNativeTarget "GPSViewerTests" */ = {
			isa = XCConfigurationList;
			buildConfigurations = (
				B56BAA452DC1169C0074EEFD /* Debug */,
				B56BAA462DC1169C0074EEFD /* Release */,
			);
			defaultConfigurationIsVisible = 0;
			defaultConfigurationName = Release;
		};
		B56BAA472DC1169C0074EEFD /* Build configuration list for PBXNativeTarget "GPSViewerUITests" */ = {
			isa = XCConfigurationList;
			buildConfigurations = (
				B56BAA482DC1169C0074EEFD /* Debug */,
				B56BAA492DC1169C0074EEFD /* Release */,
			);
			defaultConfigurationIsVisible = 0;
			defaultConfigurationName = Release;
		};
/* End XCConfigurationList section */
	};
	rootObject = B56BAA152DC1169B0074EEFD /* Project object */;
}
